
Microsoft Visual Studio Solution File, Format Version 12.00
# Visual Studio Version 17
VisualStudioVersion = 17.12.35707.178
MinimumVisualStudioVersion = 10.0.40219.1
Project("{FAE04EC0-301F-11D3-BF4B-00C04F79EFBC}") = "DAL004", "DAL004\DAL004.csproj", "{E6CBB8DE-9B32-479E-8941-8DBD2C337865}"
EndProject
Project("{FAE04EC0-301F-11D3-BF4B-00C04F79EFBC}") = "ASPA004_1", "ASPA004_1\ASPA004_1.csproj", "{145462CC-0C19-4935-9E07-A056BD0C1EFE}"
EndProject
Project("{FAE04EC0-301F-11D3-BF4B-00C04F79EFBC}") = "ASPA004_2", "ASPA004_2\ASPA004_2.csproj", "{9B932FBC-EBE9-42B8-A60A-AC79CEBE5B1D}"
EndProject
Project("{FAE04EC0-301F-11D3-BF4B-00C04F79EFBC}") = "ASPA004_3", "ASPA004_3\ASPA004_3.csproj", "{426E89E6-AD71-4692-B64D-4A1AF5E1F635}"
EndProject
Project("{FAE04EC0-301F-11D3-BF4B-00C04F79EFBC}") = "TEST_DAL004", "TESTING_DAL004\TEST_DAL004.csproj", "{C53E6A42-8E26-4F79-81AD-EC439990991C}"
EndProject
Global
	GlobalSection(SolutionConfigurationPlatforms) = preSolution
		Debug|Any CPU = Debug|Any CPU
		Release|Any CPU = Release|Any CPU
	EndGlobalSection
	GlobalSection(ProjectConfigurationPlatforms) = postSolution
		{E6CBB8DE-9B32-479E-8941-8DBD2C337865}.Debug|Any CPU.ActiveCfg = Debug|Any CPU
		{E6CBB8DE-9B32-479E-8941-8DBD2C337865}.Debug|Any CPU.Build.0 = Debug|Any CPU
		{E6CBB8DE-9B32-479E-8941-8DBD2C337865}.Release|Any CPU.ActiveCfg = Release|Any CPU
		{E6CBB8DE-9B32-479E-8941-8DBD2C337865}.Release|Any CPU.Build.0 = Release|Any CPU
		{145462CC-0C19-4935-9E07-A056BD0C1EFE}.Debug|Any CPU.ActiveCfg = Debug|Any CPU
		{145462CC-0C19-4935-9E07-A056BD0C1EFE}.Debug|Any CPU.Build.0 = Debug|Any CPU
		{145462CC-0C19-4935-9E07-A056BD0C1EFE}.Release|Any CPU.ActiveCfg = Release|Any CPU
		{145462CC-0C19-4935-9E07-A056BD0C1EFE}.Release|Any CPU.Build.0 = Release|Any CPU
		{9B932FBC-EBE9-42B8-A60A-AC79CEBE5B1D}.Debug|Any CPU.ActiveCfg = Debug|Any CPU
		{9B932FBC-EBE9-42B8-A60A-AC79CEBE5B1D}.Debug|Any CPU.Build.0 = Debug|Any CPU
		{9B932FBC-EBE9-42B8-A60A-AC79CEBE5B1D}.Release|Any CPU.ActiveCfg = Release|Any CPU
		{9B932FBC-EBE9-42B8-A60A-AC79CEBE5B1D}.Release|Any CPU.Build.0 = Release|Any CPU
		{426E89E6-AD71-4692-B64D-4A1AF5E1F635}.Debug|Any CPU.ActiveCfg = Debug|Any CPU
		{426E89E6-AD71-4692-B64D-4A1AF5E1F635}.Debug|Any CPU.Build.0 = Debug|Any CPU
		{426E89E6-AD71-4692-B64D-4A1AF5E1F635}.Release|Any CPU.ActiveCfg = Release|Any CPU
		{426E89E6-AD71-4692-B64D-4A1AF5E1F635}.Release|Any CPU.Build.0 = Release|Any CPU
		{C53E6A42-8E26-4F79-81AD-EC439990991C}.Debug|Any CPU.ActiveCfg = Debug|Any CPU
		{C53E6A42-8E26-4F79-81AD-EC439990991C}.Debug|Any CPU.Build.0 = Debug|Any CPU
		{C53E6A42-8E26-4F79-81AD-EC439990991C}.Release|Any CPU.ActiveCfg = Release|Any CPU
		{C53E6A42-8E26-4F79-81AD-EC439990991C}.Release|Any CPU.Build.0 = Release|Any CPU
	EndGlobalSection
	GlobalSection(SolutionProperties) = preSolution
		HideSolutionNode = FALSE
	EndGlobalSection
EndGlobal
